
Microsoft Visual Studio Solution File, Format Version 12.00
# Visual Studio Version 17
VisualStudioVersion = 17.1.32414.318
MinimumVisualStudioVersion = 10.0.40219.1
Project("{9A19103F-16F7-4668-BE54-9A1E7A4F7556}") = "LibraryManager", "LibraryManager\LibraryManager.csproj", "{6978CD18-0458-42AD-9E24-7F0852E8A05F}"
EndProject
Project("{9A19103F-16F7-4668-BE54-9A1E7A4F7556}") = "LibraryManager.Storage", "LibraryManager.Storage\LibraryManager.Storage.csproj", "{FD0CD694-C113-4523-9500-FE23AEBD50D1}"
EndProject
Project("{9A19103F-16F7-4668-BE54-9A1E7A4F7556}") = "LibraryManager.Repository", "LibraryManager.Repository\LibraryManager.Repository.csproj", "{F2573185-BFFA-4B1D-85EE-45E6BCA290F5}"
EndProject
Project("{FAE04EC0-301F-11D3-BF4B-00C04F79EFBC}") = "LibraryManager.DataModels", "LibraryManager.DataModels\LibraryManager.DataModels.csproj", "{539E2F27-99D3-42A9-A212-9535B09091C6}"
EndProject
Global
	GlobalSection(SolutionConfigurationPlatforms) = preSolution
		Debug|Any CPU = Debug|Any CPU
		Release|Any CPU = Release|Any CPU
	EndGlobalSection
	GlobalSection(ProjectConfigurationPlatforms) = postSolution
		{6978CD18-0458-42AD-9E24-7F0852E8A05F}.Debug|Any CPU.ActiveCfg = Debug|Any CPU
		{6978CD18-0458-42AD-9E24-7F0852E8A05F}.Debug|Any CPU.Build.0 = Debug|Any CPU
		{6978CD18-0458-42AD-9E24-7F0852E8A05F}.Release|Any CPU.ActiveCfg = Release|Any CPU
		{6978CD18-0458-42AD-9E24-7F0852E8A05F}.Release|Any CPU.Build.0 = Release|Any CPU
		{FD0CD694-C113-4523-9500-FE23AEBD50D1}.Debug|Any CPU.ActiveCfg = Debug|Any CPU
		{FD0CD694-C113-4523-9500-FE23AEBD50D1}.Debug|Any CPU.Build.0 = Debug|Any CPU
		{FD0CD694-C113-4523-9500-FE23AEBD50D1}.Release|Any CPU.ActiveCfg = Release|Any CPU
		{FD0CD694-C113-4523-9500-FE23AEBD50D1}.Release|Any CPU.Build.0 = Release|Any CPU
		{F2573185-BFFA-4B1D-85EE-45E6BCA290F5}.Debug|Any CPU.ActiveCfg = Debug|Any CPU
		{F2573185-BFFA-4B1D-85EE-45E6BCA290F5}.Debug|Any CPU.Build.0 = Debug|Any CPU
		{F2573185-BFFA-4B1D-85EE-45E6BCA290F5}.Release|Any CPU.ActiveCfg = Release|Any CPU
		{F2573185-BFFA-4B1D-85EE-45E6BCA290F5}.Release|Any CPU.Build.0 = Release|Any CPU
		{539E2F27-99D3-42A9-A212-9535B09091C6}.Debug|Any CPU.ActiveCfg = Debug|Any CPU
		{539E2F27-99D3-42A9-A212-9535B09091C6}.Debug|Any CPU.Build.0 = Debug|Any CPU
		{539E2F27-99D3-42A9-A212-9535B09091C6}.Release|Any CPU.ActiveCfg = Release|Any CPU
		{539E2F27-99D3-42A9-A212-9535B09091C6}.Release|Any CPU.Build.0 = Release|Any CPU
	EndGlobalSection
	GlobalSection(SolutionProperties) = preSolution
		HideSolutionNode = FALSE
	EndGlobalSection
	GlobalSection(ExtensibilityGlobals) = postSolution
		SolutionGuid = {73B5102B-517B-490A-988D-24FA192A3B7B}
	EndGlobalSection
EndGlobal
